
Microsoft Visual Studio Solution File, Format Version 12.00
# Visual Studio Version 17
VisualStudioVersion = 17.5.33516.290
MinimumVisualStudioVersion = 10.0.40219.1
Project("{FAE04EC0-301F-11D3-BF4B-00C04F79EFBC}") = "Employees", "Employees.csproj", "{CBA7E268-DBBC-457B-8C8C-9BDA3EACC89B}"
EndProject
Global
	GlobalSection(SolutionConfigurationPlatforms) = preSolution
		Debug|Any CPU = Debug|Any CPU
		Release|Any CPU = Release|Any CPU
	EndGlobalSection
	GlobalSection(ProjectConfigurationPlatforms) = postSolution
		{CBA7E268-DBBC-457B-8C8C-9BDA3EACC89B}.Debug|Any CPU.ActiveCfg = Debug|Any CPU
		{CBA7E268-DBBC-457B-8C8C-9BDA3EACC89B}.Debug|Any CPU.Build.0 = Debug|Any CPU
		{CBA7E268-DBBC-457B-8C8C-9BDA3EACC89B}.Release|Any CPU.ActiveCfg = Release|Any CPU
		{CBA7E268-DBBC-457B-8C8C-9BDA3EACC89B}.Release|Any CPU.Build.0 = Release|Any CPU
	EndGlobalSection
	GlobalSection(SolutionProperties) = preSolution
		HideSolutionNode = FALSE
	EndGlobalSection
	GlobalSection(ExtensibilityGlobals) = postSolution
		SolutionGuid = {A80C6AFF-6DA2-4D5E-B8E9-C429909D461A}
	EndGlobalSection
EndGlobal
