
Microsoft Visual Studio Solution File, Format Version 12.00
# Visual Studio Version 17
VisualStudioVersion = 17.5.33516.290
MinimumVisualStudioVersion = 10.0.40219.1
Project("{FAE04EC0-301F-11D3-BF4B-00C04F79EFBC}") = "ConsoleApp2", "ConsoleApp2.csproj", "{4BFC1442-694B-4791-935A-29BE457A10C2}"
EndProject
Global
	GlobalSection(SolutionConfigurationPlatforms) = preSolution
		Debug|Any CPU = Debug|Any CPU
		Release|Any CPU = Release|Any CPU
	EndGlobalSection
	GlobalSection(ProjectConfigurationPlatforms) = postSolution
		{4BFC1442-694B-4791-935A-29BE457A10C2}.Debug|Any CPU.ActiveCfg = Debug|Any CPU
		{4BFC1442-694B-4791-935A-29BE457A10C2}.Debug|Any CPU.Build.0 = Debug|Any CPU
		{4BFC1442-694B-4791-935A-29BE457A10C2}.Release|Any CPU.ActiveCfg = Release|Any CPU
		{4BFC1442-694B-4791-935A-29BE457A10C2}.Release|Any CPU.Build.0 = Release|Any CPU
	EndGlobalSection
	GlobalSection(SolutionProperties) = preSolution
		HideSolutionNode = FALSE
	EndGlobalSection
	GlobalSection(ExtensibilityGlobals) = postSolution
		SolutionGuid = {8CF62983-48E5-417F-9B3E-F7409454C5D6}
	EndGlobalSection
EndGlobal
