
Microsoft Visual Studio Solution File, Format Version 12.00
# Visual Studio Version 17
VisualStudioVersion = 17.5.33516.290
MinimumVisualStudioVersion = 10.0.40219.1
Project("{FAE04EC0-301F-11D3-BF4B-00C04F79EFBC}") = "ConsoleApp2", "ConsoleApp2.csproj", "{903A7130-CB86-472A-8903-7F25E1F85F00}"
EndProject
Global
	GlobalSection(SolutionConfigurationPlatforms) = preSolution
		Debug|Any CPU = Debug|Any CPU
		Release|Any CPU = Release|Any CPU
	EndGlobalSection
	GlobalSection(ProjectConfigurationPlatforms) = postSolution
		{903A7130-CB86-472A-8903-7F25E1F85F00}.Debug|Any CPU.ActiveCfg = Debug|Any CPU
		{903A7130-CB86-472A-8903-7F25E1F85F00}.Debug|Any CPU.Build.0 = Debug|Any CPU
		{903A7130-CB86-472A-8903-7F25E1F85F00}.Release|Any CPU.ActiveCfg = Release|Any CPU
		{903A7130-CB86-472A-8903-7F25E1F85F00}.Release|Any CPU.Build.0 = Release|Any CPU
	EndGlobalSection
	GlobalSection(SolutionProperties) = preSolution
		HideSolutionNode = FALSE
	EndGlobalSection
	GlobalSection(ExtensibilityGlobals) = postSolution
		SolutionGuid = {50FF4210-DD9C-4213-9842-A6D596F2C73E}
	EndGlobalSection
EndGlobal
